
Microsoft Visual Studio Solution File, Format Version 12.00
# Visual Studio Version 16
VisualStudioVersion = 16.0.31402.337
MinimumVisualStudioVersion = 10.0.40219.1
Project("{9A19103F-16F7-4668-BE54-9A1E7A4F7556}") = "AccountManagement.Framework.Core", "AccountManagement.MicroService.Core\AccountManagement.Framework.Core.csproj", "{B346EDB1-6773-46CC-9927-1998A4237392}"
EndProject
Project("{9A19103F-16F7-4668-BE54-9A1E7A4F7556}") = "AccountManagement.Framework.Data", "AccountManagement.MicroService.Data\AccountManagement.Framework.Data.csproj", "{FA02DE63-6A12-4401-AECE-5DC427B456B7}"
EndProject
Project("{FAE04EC0-301F-11D3-BF4B-00C04F79EFBC}") = "AccountManagement.MicroService.App", "AccountManagement.MicroService.Service\AccountManagement.MicroService.App.csproj", "{12048C66-BCDF-4B5E-89C7-9043BBF21F1D}"
EndProject
Project("{9A19103F-16F7-4668-BE54-9A1E7A4F7556}") = "Repository", "Repository\Repository.csproj", "{2006E40F-4592-4EB1-B99D-9B79283C8FCA}"
EndProject
Project("{9A19103F-16F7-4668-BE54-9A1E7A4F7556}") = "AccountManagement.FrameWork.Models", "FrameWork.Account.Model\AccountManagement.FrameWork.Models.csproj", "{89649302-A944-44D1-AFE1-4F3D31E6E710}"
EndProject
Global
	GlobalSection(SolutionConfigurationPlatforms) = preSolution
		Debug|Any CPU = Debug|Any CPU
		Release|Any CPU = Release|Any CPU
	EndGlobalSection
	GlobalSection(ProjectConfigurationPlatforms) = postSolution
		{B346EDB1-6773-46CC-9927-1998A4237392}.Debug|Any CPU.ActiveCfg = Debug|Any CPU
		{B346EDB1-6773-46CC-9927-1998A4237392}.Debug|Any CPU.Build.0 = Debug|Any CPU
		{B346EDB1-6773-46CC-9927-1998A4237392}.Release|Any CPU.ActiveCfg = Release|Any CPU
		{B346EDB1-6773-46CC-9927-1998A4237392}.Release|Any CPU.Build.0 = Release|Any CPU
		{FA02DE63-6A12-4401-AECE-5DC427B456B7}.Debug|Any CPU.ActiveCfg = Debug|Any CPU
		{FA02DE63-6A12-4401-AECE-5DC427B456B7}.Debug|Any CPU.Build.0 = Debug|Any CPU
		{FA02DE63-6A12-4401-AECE-5DC427B456B7}.Release|Any CPU.ActiveCfg = Release|Any CPU
		{FA02DE63-6A12-4401-AECE-5DC427B456B7}.Release|Any CPU.Build.0 = Release|Any CPU
		{12048C66-BCDF-4B5E-89C7-9043BBF21F1D}.Debug|Any CPU.ActiveCfg = Debug|Any CPU
		{12048C66-BCDF-4B5E-89C7-9043BBF21F1D}.Debug|Any CPU.Build.0 = Debug|Any CPU
		{12048C66-BCDF-4B5E-89C7-9043BBF21F1D}.Release|Any CPU.ActiveCfg = Release|Any CPU
		{12048C66-BCDF-4B5E-89C7-9043BBF21F1D}.Release|Any CPU.Build.0 = Release|Any CPU
		{2006E40F-4592-4EB1-B99D-9B79283C8FCA}.Debug|Any CPU.ActiveCfg = Debug|Any CPU
		{2006E40F-4592-4EB1-B99D-9B79283C8FCA}.Debug|Any CPU.Build.0 = Debug|Any CPU
		{2006E40F-4592-4EB1-B99D-9B79283C8FCA}.Release|Any CPU.ActiveCfg = Release|Any CPU
		{2006E40F-4592-4EB1-B99D-9B79283C8FCA}.Release|Any CPU.Build.0 = Release|Any CPU
		{89649302-A944-44D1-AFE1-4F3D31E6E710}.Debug|Any CPU.ActiveCfg = Debug|Any CPU
		{89649302-A944-44D1-AFE1-4F3D31E6E710}.Debug|Any CPU.Build.0 = Debug|Any CPU
		{89649302-A944-44D1-AFE1-4F3D31E6E710}.Release|Any CPU.ActiveCfg = Release|Any CPU
		{89649302-A944-44D1-AFE1-4F3D31E6E710}.Release|Any CPU.Build.0 = Release|Any CPU
	EndGlobalSection
	GlobalSection(SolutionProperties) = preSolution
		HideSolutionNode = FALSE
	EndGlobalSection
	GlobalSection(ExtensibilityGlobals) = postSolution
		SolutionGuid = {50D6E5E0-2063-49F2-A839-A656C5D02C06}
	EndGlobalSection
EndGlobal
