
Microsoft Visual Studio Solution File, Format Version 12.00
# Visual Studio Version 16
VisualStudioVersion = 16.0.810.10
MinimumVisualStudioVersion = 10.0.40219.1
Project("{FAE04EC0-301F-11D3-BF4B-00C04F79EFBC}") = "Framework.Data", "Framework.Data.csproj", "{0AA61C61-361A-4AEC-AE2E-2625E26EE1B8}"
EndProject
Global
	GlobalSection(SolutionConfigurationPlatforms) = preSolution
		Debug|Any CPU = Debug|Any CPU
		Release|Any CPU = Release|Any CPU
	EndGlobalSection
	GlobalSection(ProjectConfigurationPlatforms) = postSolution
		{0AA61C61-361A-4AEC-AE2E-2625E26EE1B8}.Debug|Any CPU.ActiveCfg = Debug|Any CPU
		{0AA61C61-361A-4AEC-AE2E-2625E26EE1B8}.Debug|Any CPU.Build.0 = Debug|Any CPU
		{0AA61C61-361A-4AEC-AE2E-2625E26EE1B8}.Release|Any CPU.ActiveCfg = Release|Any CPU
		{0AA61C61-361A-4AEC-AE2E-2625E26EE1B8}.Release|Any CPU.Build.0 = Release|Any CPU
	EndGlobalSection
	GlobalSection(SolutionProperties) = preSolution
		HideSolutionNode = FALSE
	EndGlobalSection
	GlobalSection(ExtensibilityGlobals) = postSolution
		SolutionGuid = {C56232C3-EB95-4A11-9430-7F940EFA4D00}
	EndGlobalSection
EndGlobal
